
Microsoft Visual Studio Solution File, Format Version 12.00
# Visual Studio 15
VisualStudioVersion = 15.0.27004.2008
MinimumVisualStudioVersion = 10.0.40219.1
Project("{FAE04EC0-301F-11D3-BF4B-00C04F79EFBC}") = "CodingChallenge", "CodingChallenge\CodingChallenge.csproj", "{C2011138-1C69-474F-A529-8F774D97FCC3}"
EndProject
Global
	GlobalSection(SolutionConfigurationPlatforms) = preSolution
		Debug|Any CPU = Debug|Any CPU
		Release|Any CPU = Release|Any CPU
	EndGlobalSection
	GlobalSection(ProjectConfigurationPlatforms) = postSolution
		{C2011138-1C69-474F-A529-8F774D97FCC3}.Debug|Any CPU.ActiveCfg = Debug|Any CPU
		{C2011138-1C69-474F-A529-8F774D97FCC3}.Debug|Any CPU.Build.0 = Debug|Any CPU
		{C2011138-1C69-474F-A529-8F774D97FCC3}.Release|Any CPU.ActiveCfg = Release|Any CPU
		{C2011138-1C69-474F-A529-8F774D97FCC3}.Release|Any CPU.Build.0 = Release|Any CPU
	EndGlobalSection
	GlobalSection(SolutionProperties) = preSolution
		HideSolutionNode = FALSE
	EndGlobalSection
	GlobalSection(ExtensibilityGlobals) = postSolution
		SolutionGuid = {79F7B23E-5A4D-447C-902A-5C0518BA855A}
	EndGlobalSection
EndGlobal
